// !$*UTF8*$!
{
	archiveVersion = 1;
	classes = {
	};
	objectVersion = 77;
	objects = {

/* Begin PBXBuildFile section */
		8A9C9EA52EB3D7B700131B11 /* SnapKit in Frameworks */ = {isa = PBXBuildFile; productRef = 8A9C9EA42EB3D7B700131B11 /* SnapKit */; };
		8A9C9EAB2EB3E85F00131B11 /* CoreCommons in Frameworks */ = {isa = PBXBuildFile; productRef = 8A9C9EAA2EB3E85F00131B11 /* CoreCommons */; };
		8A9C9EC12EB3F52500131B11 /* Core in Frameworks */ = {isa = PBXBuildFile; productRef = 8A9C9EC02EB3F52500131B11 /* Core */; };
		8A9C9F142EB3F74A00131B11 /* FavoriteGists in Frameworks */ = {isa = PBXBuildFile; productRef = 8A9C9F132EB3F74A00131B11 /* FavoriteGists */; };
/* End PBXBuildFile section */

/* Begin PBXContainerItemProxy section */
		8A9CA3382EB43ED100131B11 /* PBXContainerItemProxy */ = {
			isa = PBXContainerItemProxy;
			containerPortal = 8A9C9E832EB3D76700131B11 /* Project object */;
			proxyType = 1;
			remoteGlobalIDString = 8A9C9E8A2EB3D76700131B11;
			remoteInfo = GistViewer;
		};
/* End PBXContainerItemProxy section */

/* Begin PBXFileReference section */
		8A9C9E8B2EB3D76700131B11 /* GistViewer.app */ = {isa = PBXFileReference; explicitFileType = wrapper.application; includeInIndex = 0; path = GistViewer.app; sourceTree = BUILT_PRODUCTS_DIR; };
		8A9CA3342EB43ED100131B11 /* GistViewerTests.xctest */ = {isa = PBXFileReference; explicitFileType = wrapper.cfbundle; includeInIndex = 0; path = GistViewerTests.xctest; sourceTree = BUILT_PRODUCTS_DIR; };
/* End PBXFileReference section */

/* Begin PBXFileSystemSynchronizedBuildFileExceptionSet section */
		8A9C9E9D2EB3D76900131B11 /* Exceptions for "GistViewer" folder in "GistViewer" target */ = {
			isa = PBXFileSystemSynchronizedBuildFileExceptionSet;
			membershipExceptions = (
				Info.plist,
			);
			target = 8A9C9E8A2EB3D76700131B11 /* GistViewer */;
		};
/* End PBXFileSystemSynchronizedBuildFileExceptionSet section */

/* Begin PBXFileSystemSynchronizedRootGroup section */
		8A9C9E8D2EB3D76700131B11 /* GistViewer */ = {
			isa = PBXFileSystemSynchronizedRootGroup;
			exceptions = (
				8A9C9E9D2EB3D76900131B11 /* Exceptions for "GistViewer" folder in "GistViewer" target */,
			);
			path = GistViewer;
			sourceTree = "<group>";
		};
		8A9CA3352EB43ED100131B11 /* GistViewerTests */ = {
			isa = PBXFileSystemSynchronizedRootGroup;
			path = GistViewerTests;
			sourceTree = "<group>";
		};
/* End PBXFileSystemSynchronizedRootGroup section */

/* Begin PBXFrameworksBuildPhase section */
		8A9C9E882EB3D76700131B11 /* Frameworks */ = {
			isa = PBXFrameworksBuildPhase;
			buildActionMask = 2147483647;
			files = (
				8A9C9EAB2EB3E85F00131B11 /* CoreCommons in Frameworks */,
				8A9C9EA52EB3D7B700131B11 /* SnapKit in Frameworks */,
				8A9C9EC12EB3F52500131B11 /* Core in Frameworks */,
				8A9C9F142EB3F74A00131B11 /* FavoriteGists in Frameworks */,
			);
			runOnlyForDeploymentPostprocessing = 0;
		};
		8A9CA3312EB43ED100131B11 /* Frameworks */ = {
			isa = PBXFrameworksBuildPhase;
			buildActionMask = 2147483647;
			files = (
			);
			runOnlyForDeploymentPostprocessing = 0;
		};
/* End PBXFrameworksBuildPhase section */

/* Begin PBXGroup section */
		8A9C9E822EB3D76700131B11 = {
			isa = PBXGroup;
			children = (
				8A9C9E8D2EB3D76700131B11 /* GistViewer */,
				8A9CA3352EB43ED100131B11 /* GistViewerTests */,
				8A9C9E8C2EB3D76700131B11 /* Products */,
			);
			sourceTree = "<group>";
		};
		8A9C9E8C2EB3D76700131B11 /* Products */ = {
			isa = PBXGroup;
			children = (
				8A9C9E8B2EB3D76700131B11 /* GistViewer.app */,
				8A9CA3342EB43ED100131B11 /* GistViewerTests.xctest */,
			);
			name = Products;
			sourceTree = "<group>";
		};
/* End PBXGroup section */

/* Begin PBXNativeTarget section */
		8A9C9E8A2EB3D76700131B11 /* GistViewer */ = {
			isa = PBXNativeTarget;
			buildConfigurationList = 8A9C9E9E2EB3D76900131B11 /* Build configuration list for PBXNativeTarget "GistViewer" */;
			buildPhases = (
				8A9C9E872EB3D76700131B11 /* Sources */,
				8A9C9E882EB3D76700131B11 /* Frameworks */,
				8A9C9E892EB3D76700131B11 /* Resources */,
			);
			buildRules = (
			);
			dependencies = (
			);
			fileSystemSynchronizedGroups = (
				8A9C9E8D2EB3D76700131B11 /* GistViewer */,
			);
			name = GistViewer;
			packageProductDependencies = (
				8A9C9EA42EB3D7B700131B11 /* SnapKit */,
				8A9C9EAA2EB3E85F00131B11 /* CoreCommons */,
				8A9C9EC02EB3F52500131B11 /* Core */,
				8A9C9F132EB3F74A00131B11 /* FavoriteGists */,
			);
			productName = GistViewer;
			productReference = 8A9C9E8B2EB3D76700131B11 /* GistViewer.app */;
			productType = "com.apple.product-type.application";
		};
		8A9CA3332EB43ED100131B11 /* GistViewerTests */ = {
			isa = PBXNativeTarget;
			buildConfigurationList = 8A9CA33C2EB43ED100131B11 /* Build configuration list for PBXNativeTarget "GistViewerTests" */;
			buildPhases = (
				8A9CA3302EB43ED100131B11 /* Sources */,
				8A9CA3312EB43ED100131B11 /* Frameworks */,
				8A9CA3322EB43ED100131B11 /* Resources */,
			);
			buildRules = (
			);
			dependencies = (
				8A9CA3392EB43ED100131B11 /* PBXTargetDependency */,
			);
			fileSystemSynchronizedGroups = (
				8A9CA3352EB43ED100131B11 /* GistViewerTests */,
			);
			name = GistViewerTests;
			packageProductDependencies = (
			);
			productName = GistViewerTests;
			productReference = 8A9CA3342EB43ED100131B11 /* GistViewerTests.xctest */;
			productType = "com.apple.product-type.bundle.unit-test";
		};
/* End PBXNativeTarget section */

/* Begin PBXProject section */
		8A9C9E832EB3D76700131B11 /* Project object */ = {
			isa = PBXProject;
			attributes = {
				BuildIndependentTargetsInParallel = 1;
				LastSwiftUpdateCheck = 1620;
				LastUpgradeCheck = 1620;
				TargetAttributes = {
					8A9C9E8A2EB3D76700131B11 = {
						CreatedOnToolsVersion = 16.2;
					};
					8A9CA3332EB43ED100131B11 = {
						CreatedOnToolsVersion = 16.2;
						TestTargetID = 8A9C9E8A2EB3D76700131B11;
					};
				};
			};
			buildConfigurationList = 8A9C9E862EB3D76700131B11 /* Build configuration list for PBXProject "GistViewer" */;
			developmentRegion = en;
			hasScannedForEncodings = 0;
			knownRegions = (
				en,
				Base,
			);
			mainGroup = 8A9C9E822EB3D76700131B11;
			minimizedProjectReferenceProxies = 1;
			packageReferences = (
				8A9C9EA32EB3D7B700131B11 /* XCRemoteSwiftPackageReference "SnapKit" */,
				8A9C9EA92EB3E85F00131B11 /* XCLocalSwiftPackageReference "Dependencies/CoreCommons" */,
				8A9C9EBF2EB3F52500131B11 /* XCLocalSwiftPackageReference "Dependencies/Core" */,
				8A9C9F122EB3F74A00131B11 /* XCLocalSwiftPackageReference "Dependencies/FavoriteGists" */,
			);
			preferredProjectObjectVersion = 77;
			productRefGroup = 8A9C9E8C2EB3D76700131B11 /* Products */;
			projectDirPath = "";
			projectRoot = "";
			targets = (
				8A9C9E8A2EB3D76700131B11 /* GistViewer */,
				8A9CA3332EB43ED100131B11 /* GistViewerTests */,
			);
		};
/* End PBXProject section */

/* Begin PBXResourcesBuildPhase section */
		8A9C9E892EB3D76700131B11 /* Resources */ = {
			isa = PBXResourcesBuildPhase;
			buildActionMask = 2147483647;
			files = (
			);
			runOnlyForDeploymentPostprocessing = 0;
		};
		8A9CA3322EB43ED100131B11 /* Resources */ = {
			isa = PBXResourcesBuildPhase;
			buildActionMask = 2147483647;
			files = (
			);
			runOnlyForDeploymentPostprocessing = 0;
		};
/* End PBXResourcesBuildPhase section */

/* Begin PBXSourcesBuildPhase section */
		8A9C9E872EB3D76700131B11 /* Sources */ = {
			isa = PBXSourcesBuildPhase;
			buildActionMask = 2147483647;
			files = (
			);
			runOnlyForDeploymentPostprocessing = 0;
		};
		8A9CA3302EB43ED100131B11 /* Sources */ = {
			isa = PBXSourcesBuildPhase;
			buildActionMask = 2147483647;
			files = (
			);
			runOnlyForDeploymentPostprocessing = 0;
		};
/* End PBXSourcesBuildPhase section */

/* Begin PBXTargetDependency section */
		8A9CA3392EB43ED100131B11 /* PBXTargetDependency */ = {
			isa = PBXTargetDependency;
			target = 8A9C9E8A2EB3D76700131B11 /* GistViewer */;
			targetProxy = 8A9CA3382EB43ED100131B11 /* PBXContainerItemProxy */;
		};
/* End PBXTargetDependency section */

/* Begin XCBuildConfiguration section */
		8A9C9E9F2EB3D76900131B11 /* Debug */ = {
			isa = XCBuildConfiguration;
			buildSettings = {
				ASSETCATALOG_COMPILER_APPICON_NAME = AppIcon;
				ASSETCATALOG_COMPILER_GLOBAL_ACCENT_COLOR_NAME = AccentColor;
				CODE_SIGN_STYLE = Automatic;
				CURRENT_PROJECT_VERSION = 1;
				DEVELOPMENT_TEAM = L8FG2UUYUJ;
				GENERATE_INFOPLIST_FILE = YES;
				INFOPLIST_FILE = GistViewer/Info.plist;
				INFOPLIST_KEY_UIApplicationSupportsIndirectInputEvents = YES;
				INFOPLIST_KEY_UILaunchStoryboardName = LaunchScreen;
				INFOPLIST_KEY_UISupportedInterfaceOrientations_iPad = "UIInterfaceOrientationPortrait UIInterfaceOrientationPortraitUpsideDown UIInterfaceOrientationLandscapeLeft UIInterfaceOrientationLandscapeRight";
				INFOPLIST_KEY_UISupportedInterfaceOrientations_iPhone = "UIInterfaceOrientationPortrait UIInterfaceOrientationLandscapeLeft UIInterfaceOrientationLandscapeRight";
				LD_RUNPATH_SEARCH_PATHS = (
					"$(inherited)",
					"@executable_path/Frameworks",
				);
				MARKETING_VERSION = 1.0;
				PRODUCT_BUNDLE_IDENTIFIER = jvico.GistViewer;
				PRODUCT_NAME = "$(TARGET_NAME)";
				SWIFT_EMIT_LOC_STRINGS = YES;
				SWIFT_VERSION = 5.0;
				TARGETED_DEVICE_FAMILY = "1,2";
			};
			name = Debug;
		};
		8A9C9EA02EB3D76900131B11 /* Release */ = {
			isa = XCBuildConfiguration;
			buildSettings = {
				ASSETCATALOG_COMPILER_APPICON_NAME = AppIcon;
				ASSETCATALOG_COMPILER_GLOBAL_ACCENT_COLOR_NAME = AccentColor;
				CODE_SIGN_STYLE = Automatic;
				CURRENT_PROJECT_VERSION = 1;
				DEVELOPMENT_TEAM = L8FG2UUYUJ;
				GENERATE_INFOPLIST_FILE = YES;
				INFOPLIST_FILE = GistViewer/Info.plist;
				INFOPLIST_KEY_UIApplicationSupportsIndirectInputEvents = YES;
				INFOPLIST_KEY_UILaunchStoryboardName = LaunchScreen;
				INFOPLIST_KEY_UISupportedInterfaceOrientations_iPad = "UIInterfaceOrientationPortrait UIInterfaceOrientationPortraitUpsideDown UIInterfaceOrientationLandscapeLeft UIInterfaceOrientationLandscapeRight";
				INFOPLIST_KEY_UISupportedInterfaceOrientations_iPhone = "UIInterfaceOrientationPortrait UIInterfaceOrientationLandscapeLeft UIInterfaceOrientationLandscapeRight";
				LD_RUNPATH_SEARCH_PATHS = (
					"$(inherited)",
					"@executable_path/Frameworks",
				);
				MARKETING_VERSION = 1.0;
				PRODUCT_BUNDLE_IDENTIFIER = jvico.GistViewer;
				PRODUCT_NAME = "$(TARGET_NAME)";
				SWIFT_EMIT_LOC_STRINGS = YES;
				SWIFT_VERSION = 5.0;
				TARGETED_DEVICE_FAMILY = "1,2";
			};
			name = Release;
		};
		8A9C9EA12EB3D76900131B11 /* Debug */ = {
			isa = XCBuildConfiguration;
			buildSettings = {
				ALWAYS_SEARCH_USER_PATHS = NO;
				ASSETCATALOG_COMPILER_GENERATE_SWIFT_ASSET_SYMBOL_EXTENSIONS = YES;
				CLANG_ANALYZER_NONNULL = YES;
				CLANG_ANALYZER_NUMBER_OBJECT_CONVERSION = YES_AGGRESSIVE;
				CLANG_CXX_LANGUAGE_STANDARD = "gnu++20";
				CLANG_ENABLE_MODULES = YES;
				CLANG_ENABLE_OBJC_ARC = YES;
				CLANG_ENABLE_OBJC_WEAK = YES;
				CLANG_WARN_BLOCK_CAPTURE_AUTORELEASING = YES;
				CLANG_WARN_BOOL_CONVERSION = YES;
				CLANG_WARN_COMMA = YES;
				CLANG_WARN_CONSTANT_CONVERSION = YES;
				CLANG_WARN_DEPRECATED_OBJC_IMPLEMENTATIONS = YES;
				CLANG_WARN_DIRECT_OBJC_ISA_USAGE = YES_ERROR;
				CLANG_WARN_DOCUMENTATION_COMMENTS = YES;
				CLANG_WARN_EMPTY_BODY = YES;
				CLANG_WARN_ENUM_CONVERSION = YES;
				CLANG_WARN_INFINITE_RECURSION = YES;
				CLANG_WARN_INT_CONVERSION = YES;
				CLANG_WARN_NON_LITERAL_NULL_CONVERSION = YES;
				CLANG_WARN_OBJC_IMPLICIT_RETAIN_SELF = YES;
				CLANG_WARN_OBJC_LITERAL_CONVERSION = YES;
				CLANG_WARN_OBJC_ROOT_CLASS = YES_ERROR;
				CLANG_WARN_QUOTED_INCLUDE_IN_FRAMEWORK_HEADER = YES;
				CLANG_WARN_RANGE_LOOP_ANALYSIS = YES;
				CLANG_WARN_STRICT_PROTOTYPES = YES;
				CLANG_WARN_SUSPICIOUS_MOVE = YES;
				CLANG_WARN_UNGUARDED_AVAILABILITY = YES_AGGRESSIVE;
				CLANG_WARN_UNREACHABLE_CODE = YES;
				CLANG_WARN__DUPLICATE_METHOD_MATCH = YES;
				COPY_PHASE_STRIP = NO;
				DEBUG_INFORMATION_FORMAT = dwarf;
				ENABLE_STRICT_OBJC_MSGSEND = YES;
				ENABLE_TESTABILITY = YES;
				ENABLE_USER_SCRIPT_SANDBOXING = YES;
				GCC_C_LANGUAGE_STANDARD = gnu17;
				GCC_DYNAMIC_NO_PIC = NO;
				GCC_NO_COMMON_BLOCKS = YES;
				GCC_OPTIMIZATION_LEVEL = 0;
				GCC_PREPROCESSOR_DEFINITIONS = (
					"DEBUG=1",
					"$(inherited)",
				);
				GCC_WARN_64_TO_32_BIT_CONVERSION = YES;
				GCC_WARN_ABOUT_RETURN_TYPE = YES_ERROR;
				GCC_WARN_UNDECLARED_SELECTOR = YES;
				GCC_WARN_UNINITIALIZED_AUTOS = YES_AGGRESSIVE;
				GCC_WARN_UNUSED_FUNCTION = YES;
				GCC_WARN_UNUSED_VARIABLE = YES;
				IPHONEOS_DEPLOYMENT_TARGET = 18.2;
				LOCALIZATION_PREFERS_STRING_CATALOGS = YES;
				MTL_ENABLE_DEBUG_INFO = INCLUDE_SOURCE;
				MTL_FAST_MATH = YES;
				ONLY_ACTIVE_ARCH = YES;
				SDKROOT = iphoneos;
				SWIFT_ACTIVE_COMPILATION_CONDITIONS = "DEBUG $(inherited)";
				SWIFT_OPTIMIZATION_LEVEL = "-Onone";
			};
			name = Debug;
		};
		8A9C9EA22EB3D76900131B11 /* Release */ = {
			isa = XCBuildConfiguration;
			buildSettings = {
				ALWAYS_SEARCH_USER_PATHS = NO;
				ASSETCATALOG_COMPILER_GENERATE_SWIFT_ASSET_SYMBOL_EXTENSIONS = YES;
				CLANG_ANALYZER_NONNULL = YES;
				CLANG_ANALYZER_NUMBER_OBJECT_CONVERSION = YES_AGGRESSIVE;
				CLANG_CXX_LANGUAGE_STANDARD = "gnu++20";
				CLANG_ENABLE_MODULES = YES;
				CLANG_ENABLE_OBJC_ARC = YES;
				CLANG_ENABLE_OBJC_WEAK = YES;
				CLANG_WARN_BLOCK_CAPTURE_AUTORELEASING = YES;
				CLANG_WARN_BOOL_CONVERSION = YES;
				CLANG_WARN_COMMA = YES;
				CLANG_WARN_CONSTANT_CONVERSION = YES;
				CLANG_WARN_DEPRECATED_OBJC_IMPLEMENTATIONS = YES;
				CLANG_WARN_DIRECT_OBJC_ISA_USAGE = YES_ERROR;
				CLANG_WARN_DOCUMENTATION_COMMENTS = YES;
				CLANG_WARN_EMPTY_BODY = YES;
				CLANG_WARN_ENUM_CONVERSION = YES;
				CLANG_WARN_INFINITE_RECURSION = YES;
				CLANG_WARN_INT_CONVERSION = YES;
				CLANG_WARN_NON_LITERAL_NULL_CONVERSION = YES;
				CLANG_WARN_OBJC_IMPLICIT_RETAIN_SELF = YES;
				CLANG_WARN_OBJC_LITERAL_CONVERSION = YES;
				CLANG_WARN_OBJC_ROOT_CLASS = YES_ERROR;
				CLANG_WARN_QUOTED_INCLUDE_IN_FRAMEWORK_HEADER = YES;
				CLANG_WARN_RANGE_LOOP_ANALYSIS = YES;
				CLANG_WARN_STRICT_PROTOTYPES = YES;
				CLANG_WARN_SUSPICIOUS_MOVE = YES;
				CLANG_WARN_UNGUARDED_AVAILABILITY = YES_AGGRESSIVE;
				CLANG_WARN_UNREACHABLE_CODE = YES;
				CLANG_WARN__DUPLICATE_METHOD_MATCH = YES;
				COPY_PHASE_STRIP = NO;
				DEBUG_INFORMATION_FORMAT = "dwarf-with-dsym";
				ENABLE_NS_ASSERTIONS = NO;
				ENABLE_STRICT_OBJC_MSGSEND = YES;
				ENABLE_USER_SCRIPT_SANDBOXING = YES;
				GCC_C_LANGUAGE_STANDARD = gnu17;
				GCC_NO_COMMON_BLOCKS = YES;
				GCC_WARN_64_TO_32_BIT_CONVERSION = YES;
				GCC_WARN_ABOUT_RETURN_TYPE = YES_ERROR;
				GCC_WARN_UNDECLARED_SELECTOR = YES;
				GCC_WARN_UNINITIALIZED_AUTOS = YES_AGGRESSIVE;
				GCC_WARN_UNUSED_FUNCTION = YES;
				GCC_WARN_UNUSED_VARIABLE = YES;
				IPHONEOS_DEPLOYMENT_TARGET = 18.2;
				LOCALIZATION_PREFERS_STRING_CATALOGS = YES;
				MTL_ENABLE_DEBUG_INFO = NO;
				MTL_FAST_MATH = YES;
				SDKROOT = iphoneos;
				SWIFT_COMPILATION_MODE = wholemodule;
				VALIDATE_PRODUCT = YES;
			};
			name = Release;
		};
		8A9CA33A2EB43ED100131B11 /* Debug */ = {
			isa = XCBuildConfiguration;
			buildSettings = {
				BUNDLE_LOADER = "$(TEST_HOST)";
				CODE_SIGN_STYLE = Automatic;
				CURRENT_PROJECT_VERSION = 1;
				DEVELOPMENT_TEAM = L8FG2UUYUJ;
				GENERATE_INFOPLIST_FILE = YES;
				MARKETING_VERSION = 1.0;
				PRODUCT_BUNDLE_IDENTIFIER = jvico.GistViewerTests;
				PRODUCT_NAME = "$(TARGET_NAME)";
				SWIFT_EMIT_LOC_STRINGS = NO;
				SWIFT_VERSION = 5.0;
				TARGETED_DEVICE_FAMILY = "1,2";
				TEST_HOST = "$(BUILT_PRODUCTS_DIR)/GistViewer.app/$(BUNDLE_EXECUTABLE_FOLDER_PATH)/GistViewer";
			};
			name = Debug;
		};
		8A9CA33B2EB43ED100131B11 /* Release */ = {
			isa = XCBuildConfiguration;
			buildSettings = {
				BUNDLE_LOADER = "$(TEST_HOST)";
				CODE_SIGN_STYLE = Automatic;
				CURRENT_PROJECT_VERSION = 1;
				DEVELOPMENT_TEAM = L8FG2UUYUJ;
				GENERATE_INFOPLIST_FILE = YES;
				MARKETING_VERSION = 1.0;
				PRODUCT_BUNDLE_IDENTIFIER = jvico.GistViewerTests;
				PRODUCT_NAME = "$(TARGET_NAME)";
				SWIFT_EMIT_LOC_STRINGS = NO;
				SWIFT_VERSION = 5.0;
				TARGETED_DEVICE_FAMILY = "1,2";
				TEST_HOST = "$(BUILT_PRODUCTS_DIR)/GistViewer.app/$(BUNDLE_EXECUTABLE_FOLDER_PATH)/GistViewer";
			};
			name = Release;
		};
/* End XCBuildConfiguration section */

/* Begin XCConfigurationList section */
		8A9C9E862EB3D76700131B11 /* Build configuration list for PBXProject "GistViewer" */ = {
			isa = XCConfigurationList;
			buildConfigurations = (
				8A9C9EA12EB3D76900131B11 /* Debug */,
				8A9C9EA22EB3D76900131B11 /* Release */,
			);
			defaultConfigurationIsVisible = 0;
			defaultConfigurationName = Release;
		};
		8A9C9E9E2EB3D76900131B11 /* Build configuration list for PBXNativeTarget "GistViewer" */ = {
			isa = XCConfigurationList;
			buildConfigurations = (
				8A9C9E9F2EB3D76900131B11 /* Debug */,
				8A9C9EA02EB3D76900131B11 /* Release */,
			);
			defaultConfigurationIsVisible = 0;
			defaultConfigurationName = Release;
		};
		8A9CA33C2EB43ED100131B11 /* Build configuration list for PBXNativeTarget "GistViewerTests" */ = {
			isa = XCConfigurationList;
			buildConfigurations = (
				8A9CA33A2EB43ED100131B11 /* Debug */,
				8A9CA33B2EB43ED100131B11 /* Release */,
			);
			defaultConfigurationIsVisible = 0;
			defaultConfigurationName = Release;
		};
/* End XCConfigurationList section */

/* Begin XCLocalSwiftPackageReference section */
		8A9C9EA92EB3E85F00131B11 /* XCLocalSwiftPackageReference "Dependencies/CoreCommons" */ = {
			isa = XCLocalSwiftPackageReference;
			relativePath = Dependencies/CoreCommons;
		};
		8A9C9EBF2EB3F52500131B11 /* XCLocalSwiftPackageReference "Dependencies/Core" */ = {
			isa = XCLocalSwiftPackageReference;
			relativePath = Dependencies/Core;
		};
		8A9C9F122EB3F74A00131B11 /* XCLocalSwiftPackageReference "Dependencies/FavoriteGists" */ = {
			isa = XCLocalSwiftPackageReference;
			relativePath = Dependencies/FavoriteGists;
		};
/* End XCLocalSwiftPackageReference section */

/* Begin XCRemoteSwiftPackageReference section */
		8A9C9EA32EB3D7B700131B11 /* XCRemoteSwiftPackageReference "SnapKit" */ = {
			isa = XCRemoteSwiftPackageReference;
			repositoryURL = "https://github.com/SnapKit/SnapKit";
			requirement = {
				kind = upToNextMajorVersion;
				minimumVersion = 5.7.1;
			};
		};
/* End XCRemoteSwiftPackageReference section */

/* Begin XCSwiftPackageProductDependency section */
		8A9C9EA42EB3D7B700131B11 /* SnapKit */ = {
			isa = XCSwiftPackageProductDependency;
			package = 8A9C9EA32EB3D7B700131B11 /* XCRemoteSwiftPackageReference "SnapKit" */;
			productName = SnapKit;
		};
		8A9C9EAA2EB3E85F00131B11 /* CoreCommons */ = {
			isa = XCSwiftPackageProductDependency;
			productName = CoreCommons;
		};
		8A9C9EC02EB3F52500131B11 /* Core */ = {
			isa = XCSwiftPackageProductDependency;
			productName = Core;
		};
		8A9C9F132EB3F74A00131B11 /* FavoriteGists */ = {
			isa = XCSwiftPackageProductDependency;
			productName = FavoriteGists;
		};
/* End XCSwiftPackageProductDependency section */
	};
	rootObject = 8A9C9E832EB3D76700131B11 /* Project object */;
}
